// !$*UTF8*$!
{
	archiveVersion = 1;
	classes = {
	};
	objectVersion = 46;
	objects = {

/* Begin PBXBuildFile section */
		8482A3B91CAD20970070931B /* main.m in Sources */ = {isa = PBXBuildFile; fileRef = 8482A3B81CAD20970070931B /* main.m */; };
		8482A3BC1CAD20970070931B /* AppDelegate.m in Sources */ = {isa = PBXBuildFile; fileRef = 8482A3BB1CAD20970070931B /* AppDelegate.m */; };
		8482A3BF1CAD20970070931B /* ViewController.m in Sources */ = {isa = PBXBuildFile; fileRef = 8482A3BE1CAD20970070931B /* ViewController.m */; };
		8482A3C21CAD20970070931B /* Main.storyboard in Resources */ = {isa = PBXBuildFile; fileRef = 8482A3C01CAD20970070931B /* Main.storyboard */; };
		8482A3C41CAD20970070931B /* Assets.xcassets in Resources */ = {isa = PBXBuildFile; fileRef = 8482A3C31CAD20970070931B /* Assets.xcassets */; };
		8482A3C71CAD20970070931B /* LaunchScreen.storyboard in Resources */ = {isa = PBXBuildFile; fileRef = 8482A3C51CAD20970070931B /* LaunchScreen.storyboard */; };
		8CFE62A21DC2789968B45650 /* libPods-FQAHProject.a in Frameworks */ = {isa = PBXBuildFile; fileRef = 1665F54E6200E53B5CFF767B /* libPods-FQAHProject.a */; };
/* End PBXBuildFile section */

/* Begin PBXFileReference section */
		1665F54E6200E53B5CFF767B /* libPods-FQAHProject.a */ = {isa = PBXFileReference; explicitFileType = archive.ar; includeInIndex = 0; path = "libPods-FQAHProject.a"; sourceTree = BUILT_PRODUCTS_DIR; };
		31DDF4C8F9A97C00943C4490 /* Pods-FQAHProject.debug.xcconfig */ = {isa = PBXFileReference; includeInIndex = 1; lastKnownFileType = text.xcconfig; name = "Pods-FQAHProject.debug.xcconfig"; path = "Pods/Target Support Files/Pods-FQAHProject/Pods-FQAHProject.debug.xcconfig"; sourceTree = "<group>"; };
		8482A3B41CAD20970070931B /* FQAHProject.app */ = {isa = PBXFileReference; explicitFileType = wrapper.application; includeInIndex = 0; path = FQAHProject.app; sourceTree = BUILT_PRODUCTS_DIR; };
		8482A3B81CAD20970070931B /* main.m */ = {isa = PBXFileReference; lastKnownFileType = sourcecode.c.objc; path = main.m; sourceTree = "<group>"; };
		8482A3BA1CAD20970070931B /* AppDelegate.h */ = {isa = PBXFileReference; lastKnownFileType = sourcecode.c.h; path = AppDelegate.h; sourceTree = "<group>"; };
		8482A3BB1CAD20970070931B /* AppDelegate.m */ = {isa = PBXFileReference; lastKnownFileType = sourcecode.c.objc; path = AppDelegate.m; sourceTree = "<group>"; };
		8482A3BD1CAD20970070931B /* ViewController.h */ = {isa = PBXFileReference; lastKnownFileType = sourcecode.c.h; path = ViewController.h; sourceTree = "<group>"; };
		8482A3BE1CAD20970070931B /* ViewController.m */ = {isa = PBXFileReference; lastKnownFileType = sourcecode.c.objc; path = ViewController.m; sourceTree = "<group>"; };
		8482A3C11CAD20970070931B /* Base */ = {isa = PBXFileReference; lastKnownFileType = file.storyboard; name = Base; path = Base.lproj/Main.storyboard; sourceTree = "<group>"; };
		8482A3C31CAD20970070931B /* Assets.xcassets */ = {isa = PBXFileReference; lastKnownFileType = folder.assetcatalog; path = Assets.xcassets; sourceTree = "<group>"; };
		8482A3C61CAD20970070931B /* Base */ = {isa = PBXFileReference; lastKnownFileType = file.storyboard; name = Base; path = Base.lproj/LaunchScreen.storyboard; sourceTree = "<group>"; };
		8482A3C81CAD20970070931B /* Info.plist */ = {isa = PBXFileReference; lastKnownFileType = text.plist.xml; path = Info.plist; sourceTree = "<group>"; };
		84F1F4121CAD216E0061AACC /* PrefixHeader.pch */ = {isa = PBXFileReference; lastKnownFileType = sourcecode.c.h; path = PrefixHeader.pch; sourceTree = "<group>"; };
		A0C7D84FADD02FC0D9DE1D58 /* Pods-FQAHProject.release.xcconfig */ = {isa = PBXFileReference; includeInIndex = 1; lastKnownFileType = text.xcconfig; name = "Pods-FQAHProject.release.xcconfig"; path = "Pods/Target Support Files/Pods-FQAHProject/Pods-FQAHProject.release.xcconfig"; sourceTree = "<group>"; };
/* End PBXFileReference section */

/* Begin PBXFrameworksBuildPhase section */
		8482A3B11CAD20970070931B /* Frameworks */ = {
			isa = PBXFrameworksBuildPhase;
			buildActionMask = 2147483647;
			files = (
				8CFE62A21DC2789968B45650 /* libPods-FQAHProject.a in Frameworks */,
			);
			runOnlyForDeploymentPostprocessing = 0;
		};
/* End PBXFrameworksBuildPhase section */

/* Begin PBXGroup section */
		8482A3AB1CAD20970070931B = {
			isa = PBXGroup;
			children = (
				8482A3B61CAD20970070931B /* FQAHProject */,
				8482A3B51CAD20970070931B /* Products */,
				96C54B16469FF05EBBECC7A4 /* Pods */,
				E84DCC20A380336E926C4A9C /* Frameworks */,
			);
			sourceTree = "<group>";
		};
		8482A3B51CAD20970070931B /* Products */ = {
			isa = PBXGroup;
			children = (
				8482A3B41CAD20970070931B /* FQAHProject.app */,
			);
			name = Products;
			sourceTree = "<group>";
		};
		8482A3B61CAD20970070931B /* FQAHProject */ = {
			isa = PBXGroup;
			children = (
				8482A3BA1CAD20970070931B /* AppDelegate.h */,
				8482A3BB1CAD20970070931B /* AppDelegate.m */,
				8482A3BD1CAD20970070931B /* ViewController.h */,
				8482A3BE1CAD20970070931B /* ViewController.m */,
				8482A3C01CAD20970070931B /* Main.storyboard */,
				8482A3C31CAD20970070931B /* Assets.xcassets */,
				8482A3C51CAD20970070931B /* LaunchScreen.storyboard */,
				8482A3C81CAD20970070931B /* Info.plist */,
				8482A3B71CAD20970070931B /* Supporting Files */,
				84F1F4121CAD216E0061AACC /* PrefixHeader.pch */,
			);
			path = FQAHProject;
			sourceTree = "<group>";
		};
		8482A3B71CAD20970070931B /* Supporting Files */ = {
			isa = PBXGroup;
			children = (
				8482A3B81CAD20970070931B /* main.m */,
			);
			name = "Supporting Files";
			sourceTree = "<group>";
		};
		96C54B16469FF05EBBECC7A4 /* Pods */ = {
			isa = PBXGroup;
			children = (
				31DDF4C8F9A97C00943C4490 /* Pods-FQAHProject.debug.xcconfig */,
				A0C7D84FADD02FC0D9DE1D58 /* Pods-FQAHProject.release.xcconfig */,
			);
			name = Pods;
			sourceTree = "<group>";
		};
		E84DCC20A380336E926C4A9C /* Frameworks */ = {
			isa = PBXGroup;
			children = (
				1665F54E6200E53B5CFF767B /* libPods-FQAHProject.a */,
			);
			name = Frameworks;
			sourceTree = "<group>";
		};
/* End PBXGroup section */

/* Begin PBXNativeTarget section */
		8482A3B31CAD20970070931B /* FQAHProject */ = {
			isa = PBXNativeTarget;
			buildConfigurationList = 8482A3CB1CAD20970070931B /* Build configuration list for PBXNativeTarget "FQAHProject" */;
			buildPhases = (
				D556388753DA7DBE38C93D87 /* Check Pods Manifest.lock */,
				8482A3B01CAD20970070931B /* Sources */,
				8482A3B11CAD20970070931B /* Frameworks */,
				8482A3B21CAD20970070931B /* Resources */,
				D16567D8E361A608DE014F75 /* Embed Pods Frameworks */,
				9039160B443BE40E0331B11C /* Copy Pods Resources */,
			);
			buildRules = (
			);
			dependencies = (
			);
			name = FQAHProject;
			productName = FQAHProject;
			productReference = 8482A3B41CAD20970070931B /* FQAHProject.app */;
			productType = "com.apple.product-type.application";
		};
/* End PBXNativeTarget section */

/* Begin PBXProject section */
		8482A3AC1CAD20970070931B /* Project object */ = {
			isa = PBXProject;
			attributes = {
				LastUpgradeCheck = 0730;
				ORGANIZATIONNAME = fqah;
				TargetAttributes = {
					8482A3B31CAD20970070931B = {
						CreatedOnToolsVersion = 7.3;
					};
				};
			};
			buildConfigurationList = 8482A3AF1CAD20970070931B /* Build configuration list for PBXProject "FQAHProject" */;
			compatibilityVersion = "Xcode 3.2";
			developmentRegion = English;
			hasScannedForEncodings = 0;
			knownRegions = (
				en,
				Base,
			);
			mainGroup = 8482A3AB1CAD20970070931B;
			productRefGroup = 8482A3B51CAD20970070931B /* Products */;
			projectDirPath = "";
			projectRoot = "";
			targets = (
				8482A3B31CAD20970070931B /* FQAHProject */,
			);
		};
/* End PBXProject section */

/* Begin PBXResourcesBuildPhase section */
		8482A3B21CAD20970070931B /* Resources */ = {
			isa = PBXResourcesBuildPhase;
			buildActionMask = 2147483647;
			files = (
				8482A3C71CAD20970070931B /* LaunchScreen.storyboard in Resources */,
				8482A3C41CAD20970070931B /* Assets.xcassets in Resources */,
				8482A3C21CAD20970070931B /* Main.storyboard in Resources */,
			);
			runOnlyForDeploymentPostprocessing = 0;
		};
/* End PBXResourcesBuildPhase section */

/* Begin PBXShellScriptBuildPhase section */
		9039160B443BE40E0331B11C /* Copy Pods Resources */ = {
			isa = PBXShellScriptBuildPhase;
			buildActionMask = 2147483647;
			files = (
			);
			inputPaths = (
			);
			name = "Copy Pods Resources";
			outputPaths = (
			);
			runOnlyForDeploymentPostprocessing = 0;
			shellPath = /bin/sh;
			shellScript = "\"${SRCROOT}/Pods/Target Support Files/Pods-FQAHProject/Pods-FQAHProject-resources.sh\"\n";
			showEnvVarsInLog = 0;
		};
		D16567D8E361A608DE014F75 /* Embed Pods Frameworks */ = {
			isa = PBXShellScriptBuildPhase;
			buildActionMask = 2147483647;
			files = (
			);
			inputPaths = (
			);
			name = "Embed Pods Frameworks";
			outputPaths = (
			);
			runOnlyForDeploymentPostprocessing = 0;
			shellPath = /bin/sh;
			shellScript = "\"${SRCROOT}/Pods/Target Support Files/Pods-FQAHProject/Pods-FQAHProject-frameworks.sh\"\n";
			showEnvVarsInLog = 0;
		};
		D556388753DA7DBE38C93D87 /* Check Pods Manifest.lock */ = {
			isa = PBXShellScriptBuildPhase;
			buildActionMask = 2147483647;
			files = (
			);
			inputPaths = (
			);
			name = "Check Pods Manifest.lock";
			outputPaths = (
			);
			runOnlyForDeploymentPostprocessing = 0;
			shellPath = /bin/sh;
			shellScript = "diff \"${PODS_ROOT}/../Podfile.lock\" \"${PODS_ROOT}/Manifest.lock\" > /dev/null\nif [[ $? != 0 ]] ; then\n    cat << EOM\nerror: The sandbox is not in sync with the Podfile.lock. Run 'pod install' or update your CocoaPods installation.\nEOM\n    exit 1\nfi\n";
			showEnvVarsInLog = 0;
		};
/* End PBXShellScriptBuildPhase section */

/* Begin PBXSourcesBuildPhase section */
		8482A3B01CAD20970070931B /* Sources */ = {
			isa = PBXSourcesBuildPhase;
			buildActionMask = 2147483647;
			files = (
				8482A3BF1CAD20970070931B /* ViewController.m in Sources */,
				8482A3BC1CAD20970070931B /* AppDelegate.m in Sources */,
				8482A3B91CAD20970070931B /* main.m in Sources */,
			);
			runOnlyForDeploymentPostprocessing = 0;
		};
/* End PBXSourcesBuildPhase section */

/* Begin PBXVariantGroup section */
		8482A3C01CAD20970070931B /* Main.storyboard */ = {
			isa = PBXVariantGroup;
			children = (
				8482A3C11CAD20970070931B /* Base */,
			);
			name = Main.storyboard;
			sourceTree = "<group>";
		};
		8482A3C51CAD20970070931B /* LaunchScreen.storyboard */ = {
			isa = PBXVariantGroup;
			children = (
				8482A3C61CAD20970070931B /* Base */,
			);
			name = LaunchScreen.storyboard;
			sourceTree = "<group>";
		};
/* End PBXVariantGroup section */

/* Begin XCBuildConfiguration section */
		8482A3C91CAD20970070931B /* Debug */ = {
			isa = XCBuildConfiguration;
			buildSettings = {
				ALWAYS_SEARCH_USER_PATHS = NO;
				CLANG_ANALYZER_NONNULL = YES;
				CLANG_CXX_LANGUAGE_STANDARD = "gnu++0x";
				CLANG_CXX_LIBRARY = "libc++";
				CLANG_ENABLE_MODULES = YES;
				CLANG_ENABLE_OBJC_ARC = YES;
				CLANG_WARN_BOOL_CONVERSION = YES;
				CLANG_WARN_CONSTANT_CONVERSION = YES;
				CLANG_WARN_DIRECT_OBJC_ISA_USAGE = YES_ERROR;
				CLANG_WARN_EMPTY_BODY = YES;
				CLANG_WARN_ENUM_CONVERSION = YES;
				CLANG_WARN_INT_CONVERSION = YES;
				CLANG_WARN_OBJC_ROOT_CLASS = YES_ERROR;
				CLANG_WARN_UNREACHABLE_CODE = YES;
				CLANG_WARN__DUPLICATE_METHOD_MATCH = YES;
				"CODE_SIGN_IDENTITY[sdk=iphoneos*]" = "iPhone Developer";
				COPY_PHASE_STRIP = NO;
				DEBUG_INFORMATION_FORMAT = dwarf;
				ENABLE_STRICT_OBJC_MSGSEND = YES;
				ENABLE_TESTABILITY = YES;
				GCC_C_LANGUAGE_STANDARD = gnu99;
				GCC_DYNAMIC_NO_PIC = NO;
				GCC_NO_COMMON_BLOCKS = YES;
				GCC_OPTIMIZATION_LEVEL = 0;
				GCC_PREPROCESSOR_DEFINITIONS = (
					"DEBUG=1",
					"$(inherited)",
				);
				GCC_WARN_64_TO_32_BIT_CONVERSION = YES;
				GCC_WARN_ABOUT_RETURN_TYPE = YES_ERROR;
				GCC_WARN_UNDECLARED_SELECTOR = YES;
				GCC_WARN_UNINITIALIZED_AUTOS = YES_AGGRESSIVE;
				GCC_WARN_UNUSED_FUNCTION = YES;
				GCC_WARN_UNUSED_VARIABLE = YES;
				IPHONEOS_DEPLOYMENT_TARGET = 9.3;
				MTL_ENABLE_DEBUG_INFO = YES;
				ONLY_ACTIVE_ARCH = YES;
				SDKROOT = iphoneos;
			};
			name = Debug;
		};
		8482A3CA1CAD20970070931B /* Release */ = {
			isa = XCBuildConfiguration;
			buildSettings = {
				ALWAYS_SEARCH_USER_PATHS = NO;
				CLANG_ANALYZER_NONNULL = YES;
				CLANG_CXX_LANGUAGE_STANDARD = "gnu++0x";
				CLANG_CXX_LIBRARY = "libc++";
				CLANG_ENABLE_MODULES = YES;
				CLANG_ENABLE_OBJC_ARC = YES;
				CLANG_WARN_BOOL_CONVERSION = YES;
				CLANG_WARN_CONSTANT_CONVERSION = YES;
				CLANG_WARN_DIRECT_OBJC_ISA_USAGE = YES_ERROR;
				CLANG_WARN_EMPTY_BODY = YES;
				CLANG_WARN_ENUM_CONVERSION = YES;
				CLANG_WARN_INT_CONVERSION = YES;
				CLANG_WARN_OBJC_ROOT_CLASS = YES_ERROR;
				CLANG_WARN_UNREACHABLE_CODE = YES;
				CLANG_WARN__DUPLICATE_METHOD_MATCH = YES;
				"CODE_SIGN_IDENTITY[sdk=iphoneos*]" = "iPhone Developer";
				COPY_PHASE_STRIP = NO;
				DEBUG_INFORMATION_FORMAT = "dwarf-with-dsym";
				ENABLE_NS_ASSERTIONS = NO;
				ENABLE_STRICT_OBJC_MSGSEND = YES;
				GCC_C_LANGUAGE_STANDARD = gnu99;
				GCC_NO_COMMON_BLOCKS = YES;
				GCC_WARN_64_TO_32_BIT_CONVERSION = YES;
				GCC_WARN_ABOUT_RETURN_TYPE = YES_ERROR;
				GCC_WARN_UNDECLARED_SELECTOR = YES;
				GCC_WARN_UNINITIALIZED_AUTOS = YES_AGGRESSIVE;
				GCC_WARN_UNUSED_FUNCTION = YES;
				GCC_WARN_UNUSED_VARIABLE = YES;
				IPHONEOS_DEPLOYMENT_TARGET = 9.3;
				MTL_ENABLE_DEBUG_INFO = NO;
				SDKROOT = iphoneos;
				VALIDATE_PRODUCT = YES;
			};
			name = Release;
		};
		8482A3CC1CAD20970070931B /* Debug */ = {
			isa = XCBuildConfiguration;
			baseConfigurationReference = 31DDF4C8F9A97C00943C4490 /* Pods-FQAHProject.debug.xcconfig */;
			buildSettings = {
				ASSETCATALOG_COMPILER_APPICON_NAME = AppIcon;
				GCC_INCREASE_PRECOMPILED_HEADER_SHARING = YES;
				GCC_PRECOMPILE_PREFIX_HEADER = YES;
				GCC_PREFIX_HEADER = "$(SRCROOT)/FQAHProject/PrefixHeader.pch";
				INFOPLIST_FILE = FQAHProject/Info.plist;
				LD_RUNPATH_SEARCH_PATHS = "$(inherited) @executable_path/Frameworks";
				PRODUCT_BUNDLE_IDENTIFIER = com.fqah.FQAHProject;
				PRODUCT_NAME = "$(TARGET_NAME)";
			};
			name = Debug;
		};
		8482A3CD1CAD20970070931B /* Release */ = {
			isa = XCBuildConfiguration;
			baseConfigurationReference = A0C7D84FADD02FC0D9DE1D58 /* Pods-FQAHProject.release.xcconfig */;
			buildSettings = {
				ASSETCATALOG_COMPILER_APPICON_NAME = AppIcon;
				GCC_INCREASE_PRECOMPILED_HEADER_SHARING = YES;
				GCC_PRECOMPILE_PREFIX_HEADER = YES;
				GCC_PREFIX_HEADER = "$(SRCROOT)/FQAHProject/PrefixHeader.pch";
				INFOPLIST_FILE = FQAHProject/Info.plist;
				LD_RUNPATH_SEARCH_PATHS = "$(inherited) @executable_path/Frameworks";
				PRODUCT_BUNDLE_IDENTIFIER = com.fqah.FQAHProject;
				PRODUCT_NAME = "$(TARGET_NAME)";
			};
			name = Release;
		};
/* End XCBuildConfiguration section */

/* Begin XCConfigurationList section */
		8482A3AF1CAD20970070931B /* Build configuration list for PBXProject "FQAHProject" */ = {
			isa = XCConfigurationList;
			buildConfigurations = (
				8482A3C91CAD20970070931B /* Debug */,
				8482A3CA1CAD20970070931B /* Release */,
			);
			defaultConfigurationIsVisible = 0;
			defaultConfigurationName = Release;
		};
		8482A3CB1CAD20970070931B /* Build configuration list for PBXNativeTarget "FQAHProject" */ = {
			isa = XCConfigurationList;
			buildConfigurations = (
				8482A3CC1CAD20970070931B /* Debug */,
				8482A3CD1CAD20970070931B /* Release */,
			);
			defaultConfigurationIsVisible = 0;
			defaultConfigurationName = Release;
		};
/* End XCConfigurationList section */
	};
	rootObject = 8482A3AC1CAD20970070931B /* Project object */;
}
